
Microsoft Visual Studio Solution File, Format Version 12.00
# Visual Studio Version 16
VisualStudioVersion = 16.0.28922.388
MinimumVisualStudioVersion = 10.0.40219.1
Project("{FAE04EC0-301F-11D3-BF4B-00C04F79EFBC}") = "AzureServiceBus", "AzureServiceBus\AzureServiceBus.csproj", "{D0014355-DE9F-4882-A208-CDC785A02141}"
EndProject
Global
	GlobalSection(SolutionConfigurationPlatforms) = preSolution
		Debug|Any CPU = Debug|Any CPU
		Release|Any CPU = Release|Any CPU
	EndGlobalSection
	GlobalSection(ProjectConfigurationPlatforms) = postSolution
		{D0014355-DE9F-4882-A208-CDC785A02141}.Debug|Any CPU.ActiveCfg = Debug|Any CPU
		{D0014355-DE9F-4882-A208-CDC785A02141}.Debug|Any CPU.Build.0 = Debug|Any CPU
		{D0014355-DE9F-4882-A208-CDC785A02141}.Release|Any CPU.ActiveCfg = Release|Any CPU
		{D0014355-DE9F-4882-A208-CDC785A02141}.Release|Any CPU.Build.0 = Release|Any CPU
	EndGlobalSection
	GlobalSection(SolutionProperties) = preSolution
		HideSolutionNode = FALSE
	EndGlobalSection
	GlobalSection(ExtensibilityGlobals) = postSolution
		SolutionGuid = {8C80B915-EDD8-4B40-8499-2A5436DEF6C8}
	EndGlobalSection
EndGlobal
